
Microsoft Visual Studio Solution File, Format Version 12.00
# Visual Studio 15
VisualStudioVersion = 15.0.27703.2047
MinimumVisualStudioVersion = 10.0.40219.1
Project("{FAE04EC0-301F-11D3-BF4B-00C04F79EFBC}") = "CoreDockerFoo.UI.Web", "CoreDockerFoo.UI.Web\CoreDockerFoo.UI.Web.csproj", "{098F3F4E-2103-4D6D-8BDD-77F88FEEE2F1}"
EndProject
Project("{E53339B2-1760-4266-BCC7-CA923CBCF16C}") = "docker-compose", "docker-compose.dcproj", "{17CFFD59-A551-482F-9D8D-CDDFFFEEECD8}"
EndProject
Global
	GlobalSection(SolutionConfigurationPlatforms) = preSolution
		Debug|Any CPU = Debug|Any CPU
		Release|Any CPU = Release|Any CPU
	EndGlobalSection
	GlobalSection(ProjectConfigurationPlatforms) = postSolution
		{098F3F4E-2103-4D6D-8BDD-77F88FEEE2F1}.Debug|Any CPU.ActiveCfg = Debug|Any CPU
		{098F3F4E-2103-4D6D-8BDD-77F88FEEE2F1}.Debug|Any CPU.Build.0 = Debug|Any CPU
		{098F3F4E-2103-4D6D-8BDD-77F88FEEE2F1}.Release|Any CPU.ActiveCfg = Release|Any CPU
		{098F3F4E-2103-4D6D-8BDD-77F88FEEE2F1}.Release|Any CPU.Build.0 = Release|Any CPU
		{17CFFD59-A551-482F-9D8D-CDDFFFEEECD8}.Debug|Any CPU.ActiveCfg = Debug|Any CPU
		{17CFFD59-A551-482F-9D8D-CDDFFFEEECD8}.Debug|Any CPU.Build.0 = Debug|Any CPU
		{17CFFD59-A551-482F-9D8D-CDDFFFEEECD8}.Release|Any CPU.ActiveCfg = Release|Any CPU
		{17CFFD59-A551-482F-9D8D-CDDFFFEEECD8}.Release|Any CPU.Build.0 = Release|Any CPU
	EndGlobalSection
	GlobalSection(SolutionProperties) = preSolution
		HideSolutionNode = FALSE
	EndGlobalSection
	GlobalSection(ExtensibilityGlobals) = postSolution
		SolutionGuid = {234F5BDB-42F6-4286-BB40-BF439226F931}
	EndGlobalSection
EndGlobal
